github.com/auth0/go-jwt-middleware v0.0.0-20170425171159-5493cabe49f7 h1:irR1cO6eek3n5uquIVaRAsQmZnlsfPuHNz31cXo4eyk=
github.com/auth0/go-jwt-middleware v0.0.0-20170425171159-5493cabe49f7/go.mod h1:LWMyo4iOLWXHGdBki7NIht1kHru/0wM179h+d3g8ATM=
github.com/codegangsta/negroni v1.0.0 h1:+aYywywx4bnKXWvoWtRfJ91vC59NbEhEY03sZjQhbVY=
github.com/codegangsta/negroni v1.0.0/go.mod h1:v0y3T5G7Y1UlFfyxFn/QLRU4a2EuNau2iZY63YTKWo0=
github.com/dgrijalva/jwt-go v3.2.0+incompatible h1:7qlOGliEKZXTDg6OTjfoBKDXWrumCAMpl/TFQ4/5kLM=
github.com/dgrijalva/jwt-go v3.2.0+incompatible/go.mod h1:E3ru+11k8xSBh+hMPgOLZmtrrCbhqsmaPHjLKYnJCaQ=
github.com/google/uuid v1.1.1 h1:Gkbcsh/GbpXz7lPftLA3P6TYMwjCLYm83jiFQZF/3gY=
github.com/google/uuid v1.1.1/go.mod h1:TIyPZe4MgqvfeYDBFedMoGGpEw/LqOeaOT+nhxU+yHo=
github.com/gorilla/mux v1.7.0 h1:tOSd0UKHQd6urX6ApfOn4XdBMY6Sh1MfxV3kmaazO+U=
github.com/gorilla/mux v1.7.0/go.mod h1:1lud6UwP+6orDFRuTfBEV8e9/aOM/c4fVVCaMa2zaAs=
github.com/kataras/golog v0.0.0-20180321173939-03be10146386 h1:VT6AeCHO/mc+VedKBMhoqb5eAK8B1i9F6nZl7EGlHvA=
github.com/kataras/golog v0.0.0-20180321173939-03be10146386/go.mod h1:PcaEvfvhGsqwXZ6S3CgCbmjcp+4UDUh2MIfF2ZEul8M=
github.com/kataras/pio v0.0.0-20190103105442-ea782b38602d h1:V5Rs9ztEWdp58oayPq/ulmlqJJZeJP6pP79uP3qjcao=
github.com/kataras/pio v0.0.0-20190103105442-ea782b38602d/go.mod h1:NV88laa9UiiDuX9AhMbDPkGYSPugBOV6yTZB1l2K9Z0=
github.com/lib/pq v1.0.0 h1:X5PMW56eZitiTeO7tKzZxFCSpbFZJtkMMooicw2us9A=
github.com/lib/pq v1.0.0/go.mod h1:5WUZQaWbwv1U+lTReE5YruASi9Al49XbQIvNi/34Woo=
github.com/natefinch/lumberjack v2.0.0+incompatible h1:4QJd3OLAMgj7ph+yZTuX13Ld4UpgHp07nNdFX7mqFfM=
github.com/natefinch/lumberjack v2.0.0+incompatible/go.mod h1:Wi9p2TTF5DG5oU+6YfsmYQpsTIOm0B1VNzQg9Mw6nPk=
github.com/sparrc/go-ping v0.0.0-20181106165434-ef3ab45e41b0 h1:mu7brOsdaH5Dqf93vdch+mr/0To8Sgc+yInt/jE/RJM=
github.com/sparrc/go-ping v0.0.0-20181106165434-ef3ab45e41b0/go.mod h1:eMyUVp6f/5jnzM+3zahzl7q6UXLbgSc3MKg/+ow9QW0=
golang.org/x/crypto v0.0.0-20190308221718-c2843e01d9a2/go.mod h1:djNgcEr1/C05ACkg1iLfiJU5Ep61QUkGW8qpdssI0+w=
golang.org/x/crypto v0.0.0-20190313024323-a1f597ede03a h1:YX8ljsm6wXlHZO+aRz9Exqr0evNhKRNe5K/gi+zKh4U=
golang.org/x/crypto v0.0.0-20190313024323-a1f597ede03a/go.mod h1:djNgcEr1/C05ACkg1iLfiJU5Ep61QUkGW8qpdssI0+w=
golang.org/x/net v0.0.0-20190724013045-ca1201d0de80 h1:Ao/3l156eZf2AW5wK8a7/smtodRU+gha3+BeqJ69lRk=
golang.org/x/net v0.0.0-20190724013045-ca1201d0de80/go.mod h1:z5CRVTTTmAJ677TzLLGU+0bjPO0LkuOLi4/5GtJWs/s=
golang.org/x/sys v0.0.0-20190215142949-d0b11bdaac8a h1:1BGLXjeY4akVXGgbC9HugT3Jv3hCI0z56oJR5vAMgBU=
golang.org/x/sys v0.0.0-20190215142949-d0b11bdaac8a/go.mod h1:STP8DvDyc/dI5b8T5hshtkjS+E42TnysNCUPdjciGhY=
golang.org/x/text v0.3.0/go.mod h1:NqM8EUOU14njkJ3fqMW+pc6Ldnwhi/IjpwHt7yyuwOQ=
